
Microsoft Visual Studio Solution File, Format Version 12.00
# Visual Studio Version 17
VisualStudioVersion = 17.5.33424.131
MinimumVisualStudioVersion = 10.0.40219.1
Project("{FAE04EC0-301F-11D3-BF4B-00C04F79EFBC}") = "AO.Domin", "AO.Domin\AO.Domin.csproj", "{DAF17715-B19D-4488-94E1-418E65A7ACAC}"
EndProject
Global
	GlobalSection(SolutionConfigurationPlatforms) = preSolution
		Debug|Any CPU = Debug|Any CPU
		Release|Any CPU = Release|Any CPU
	EndGlobalSection
	GlobalSection(ProjectConfigurationPlatforms) = postSolution
		{DAF17715-B19D-4488-94E1-418E65A7ACAC}.Debug|Any CPU.ActiveCfg = Debug|Any CPU
		{DAF17715-B19D-4488-94E1-418E65A7ACAC}.Debug|Any CPU.Build.0 = Debug|Any CPU
		{DAF17715-B19D-4488-94E1-418E65A7ACAC}.Release|Any CPU.ActiveCfg = Release|Any CPU
		{DAF17715-B19D-4488-94E1-418E65A7ACAC}.Release|Any CPU.Build.0 = Release|Any CPU
	EndGlobalSection
	GlobalSection(SolutionProperties) = preSolution
		HideSolutionNode = FALSE
	EndGlobalSection
	GlobalSection(ExtensibilityGlobals) = postSolution
		SolutionGuid = {54F0FF96-D876-417D-A3C0-080F8F04E8E2}
	EndGlobalSection
EndGlobal
